// !$*UTF8*$!
{
	archiveVersion = 1;
	classes = {
	};
	objectVersion = 46;
	objects = {

/* Begin PBXBuildFile section */
		B70617EB1BCD306700AB7FD3 /* Foundation.framework in Frameworks */ = {isa = PBXBuildFile; fileRef = B70617EA1BCD306700AB7FD3 /* Foundation.framework */; };
		B70617ED1BCD306700AB7FD3 /* CoreGraphics.framework in Frameworks */ = {isa = PBXBuildFile; fileRef = B70617EC1BCD306700AB7FD3 /* CoreGraphics.framework */; };
		B70617EF1BCD306700AB7FD3 /* UIKit.framework in Frameworks */ = {isa = PBXBuildFile; fileRef = B70617EE1BCD306700AB7FD3 /* UIKit.framework */; };
		B70617F51BCD306700AB7FD3 /* InfoPlist.strings in Resources */ = {isa = PBXBuildFile; fileRef = B70617F31BCD306700AB7FD3 /* InfoPlist.strings */; };
		B70617F71BCD306700AB7FD3 /* main.m in Sources */ = {isa = PBXBuildFile; fileRef = B70617F61BCD306700AB7FD3 /* main.m */; };
		B70617FB1BCD306700AB7FD3 /* AppDelegate.m in Sources */ = {isa = PBXBuildFile; fileRef = B70617FA1BCD306700AB7FD3 /* AppDelegate.m */; };
		B70617FD1BCD306700AB7FD3 /* Images.xcassets in Resources */ = {isa = PBXBuildFile; fileRef = B70617FC1BCD306700AB7FD3 /* Images.xcassets */; };
		B70618041BCD306700AB7FD3 /* XCTest.framework in Frameworks */ = {isa = PBXBuildFile; fileRef = B70618031BCD306700AB7FD3 /* XCTest.framework */; };
		B70618051BCD306700AB7FD3 /* Foundation.framework in Frameworks */ = {isa = PBXBuildFile; fileRef = B70617EA1BCD306700AB7FD3 /* Foundation.framework */; };
		B70618061BCD306700AB7FD3 /* UIKit.framework in Frameworks */ = {isa = PBXBuildFile; fileRef = B70617EE1BCD306700AB7FD3 /* UIKit.framework */; };
		B706180E1BCD306700AB7FD3 /* InfoPlist.strings in Resources */ = {isa = PBXBuildFile; fileRef = B706180C1BCD306700AB7FD3 /* InfoPlist.strings */; };
		B70618101BCD306700AB7FD3 /* zTextTests.m in Sources */ = {isa = PBXBuildFile; fileRef = B706180F1BCD306700AB7FD3 /* zTextTests.m */; };
		B71213201BCD49D500F141FE /* PulleyViewController.m in Sources */ = {isa = PBXBuildFile; fileRef = B712131F1BCD49D500F141FE /* PulleyViewController.m */; };
		B71F072A1BD3464800E31182 /* MKAnnotationView+WebCache.m in Sources */ = {isa = PBXBuildFile; fileRef = B71F070A1BD3464800E31182 /* MKAnnotationView+WebCache.m */; };
		B71F072B1BD3464800E31182 /* NSData+ImageContentType.m in Sources */ = {isa = PBXBuildFile; fileRef = B71F070C1BD3464800E31182 /* NSData+ImageContentType.m */; };
		B71F072C1BD3464800E31182 /* SDImageCache.m in Sources */ = {isa = PBXBuildFile; fileRef = B71F070E1BD3464800E31182 /* SDImageCache.m */; };
		B71F072D1BD3464800E31182 /* SDWebImageCompat.m in Sources */ = {isa = PBXBuildFile; fileRef = B71F07101BD3464800E31182 /* SDWebImageCompat.m */; };
		B71F072E1BD3464800E31182 /* SDWebImageDecoder.m in Sources */ = {isa = PBXBuildFile; fileRef = B71F07121BD3464800E31182 /* SDWebImageDecoder.m */; };
		B71F072F1BD3464800E31182 /* SDWebImageDownloader.m in Sources */ = {isa = PBXBuildFile; fileRef = B71F07141BD3464800E31182 /* SDWebImageDownloader.m */; };
		B71F07301BD3464800E31182 /* SDWebImageDownloaderOperation.m in Sources */ = {isa = PBXBuildFile; fileRef = B71F07161BD3464800E31182 /* SDWebImageDownloaderOperation.m */; };
		B71F07311BD3464800E31182 /* SDWebImageManager.m in Sources */ = {isa = PBXBuildFile; fileRef = B71F07181BD3464800E31182 /* SDWebImageManager.m */; };
		B71F07321BD3464800E31182 /* SDWebImagePrefetcher.m in Sources */ = {isa = PBXBuildFile; fileRef = B71F071B1BD3464800E31182 /* SDWebImagePrefetcher.m */; };
		B71F07331BD3464800E31182 /* UIButton+WebCache.m in Sources */ = {isa = PBXBuildFile; fileRef = B71F071D1BD3464800E31182 /* UIButton+WebCache.m */; };
		B71F07341BD3464800E31182 /* UIImage+GIF.m in Sources */ = {isa = PBXBuildFile; fileRef = B71F071F1BD3464800E31182 /* UIImage+GIF.m */; };
		B71F07351BD3464800E31182 /* UIImage+MultiFormat.m in Sources */ = {isa = PBXBuildFile; fileRef = B71F07211BD3464800E31182 /* UIImage+MultiFormat.m */; };
		B71F07361BD3464800E31182 /* UIImage+WebP.m in Sources */ = {isa = PBXBuildFile; fileRef = B71F07231BD3464800E31182 /* UIImage+WebP.m */; };
		B71F07371BD3464800E31182 /* UIImageView+HighlightedWebCache.m in Sources */ = {isa = PBXBuildFile; fileRef = B71F07251BD3464800E31182 /* UIImageView+HighlightedWebCache.m */; };
		B71F07381BD3464800E31182 /* UIImageView+WebCache.m in Sources */ = {isa = PBXBuildFile; fileRef = B71F07271BD3464800E31182 /* UIImageView+WebCache.m */; };
		B71F07391BD3464800E31182 /* UIView+WebCacheOperation.m in Sources */ = {isa = PBXBuildFile; fileRef = B71F07291BD3464800E31182 /* UIView+WebCacheOperation.m */; };
		B75D1A801BD3A98100CEFC78 /* TinyWebView.m in Sources */ = {isa = PBXBuildFile; fileRef = B75D1A7F1BD3A98100CEFC78 /* TinyWebView.m */; };
		B77A5E0E1BD2A50F006C526C /* [p7].png in Resources */ = {isa = PBXBuildFile; fileRef = B77A5E0C1BD2A50F006C526C /* [p7].png */; };
		B77A5E0F1BD2A50F006C526C /* [p8].png in Resources */ = {isa = PBXBuildFile; fileRef = B77A5E0D1BD2A50F006C526C /* [p8].png */; };
		B77D86681BCE2B7800C2E716 /* RegexKitLite.m in Sources */ = {isa = PBXBuildFile; fileRef = B77D86671BCE2B7800C2E716 /* RegexKitLite.m */; settings = {COMPILER_FLAGS = "-fno-objc-arc"; }; };
		B7BE8B6B1BD23E4800216019 /* CoreTextViewController.m in Sources */ = {isa = PBXBuildFile; fileRef = B7BE8B551BD23E4800216019 /* CoreTextViewController.m */; };
		B7BE8B6C1BD23E4800216019 /* ListViewController.m in Sources */ = {isa = PBXBuildFile; fileRef = B7BE8B571BD23E4800216019 /* ListViewController.m */; };
		B7BE8B6D1BD23E4800216019 /* LabelViewController.m in Sources */ = {isa = PBXBuildFile; fileRef = B7BE8B591BD23E4800216019 /* LabelViewController.m */; };
		B7BE8B6E1BD23E4800216019 /* TinyFieldViewController.m in Sources */ = {isa = PBXBuildFile; fileRef = B7BE8B5B1BD23E4800216019 /* TinyFieldViewController.m */; };
		B7BE8B6F1BD23E4800216019 /* TinyWebViewController.m in Sources */ = {isa = PBXBuildFile; fileRef = B7BE8B5D1BD23E4800216019 /* TinyWebViewController.m */; };
		B7BE8B701BD23E4800216019 /* TextParser.m in Sources */ = {isa = PBXBuildFile; fileRef = B7BE8B601BD23E4800216019 /* TextParser.m */; };
		B7BE8B711BD23E4800216019 /* TextAttributes.m in Sources */ = {isa = PBXBuildFile; fileRef = B7BE8B621BD23E4800216019 /* TextAttributes.m */; };
		B7BE8B721BD23E4800216019 /* TextContainer.m in Sources */ = {isa = PBXBuildFile; fileRef = B7BE8B641BD23E4800216019 /* TextContainer.m */; };
		B7BE8B741BD23E4800216019 /* html.plist in Resources */ = {isa = PBXBuildFile; fileRef = B7BE8B671BD23E4800216019 /* html.plist */; };
		B7BE8B751BD23E4800216019 /* BaseCoretextView.m in Sources */ = {isa = PBXBuildFile; fileRef = B7BE8B6A1BD23E4800216019 /* BaseCoretextView.m */; };
		B7BE8B781BD23EFA00216019 /* TextModel.m in Sources */ = {isa = PBXBuildFile; fileRef = B7BE8B771BD23EFA00216019 /* TextModel.m */; };
		B7BE8B7B1BD24B0200216019 /* EmojiCache.m in Sources */ = {isa = PBXBuildFile; fileRef = B7BE8B7A1BD24B0200216019 /* EmojiCache.m */; };
/* End PBXBuildFile section */

/* Begin PBXContainerItemProxy section */
		B70618071BCD306700AB7FD3 /* PBXContainerItemProxy */ = {
			isa = PBXContainerItemProxy;
			containerPortal = B70617DF1BCD306700AB7FD3 /* Project object */;
			proxyType = 1;
			remoteGlobalIDString = B70617E61BCD306700AB7FD3;
			remoteInfo = zText;
		};
/* End PBXContainerItemProxy section */

/* Begin PBXFileReference section */
		B70617E71BCD306700AB7FD3 /* zText.app */ = {isa = PBXFileReference; explicitFileType = wrapper.application; includeInIndex = 0; path = zText.app; sourceTree = BUILT_PRODUCTS_DIR; };
		B70617EA1BCD306700AB7FD3 /* Foundation.framework */ = {isa = PBXFileReference; lastKnownFileType = wrapper.framework; name = Foundation.framework; path = System/Library/Frameworks/Foundation.framework; sourceTree = SDKROOT; };
		B70617EC1BCD306700AB7FD3 /* CoreGraphics.framework */ = {isa = PBXFileReference; lastKnownFileType = wrapper.framework; name = CoreGraphics.framework; path = System/Library/Frameworks/CoreGraphics.framework; sourceTree = SDKROOT; };
		B70617EE1BCD306700AB7FD3 /* UIKit.framework */ = {isa = PBXFileReference; lastKnownFileType = wrapper.framework; name = UIKit.framework; path = System/Library/Frameworks/UIKit.framework; sourceTree = SDKROOT; };
		B70617F21BCD306700AB7FD3 /* zText-Info.plist */ = {isa = PBXFileReference; lastKnownFileType = text.plist.xml; path = "zText-Info.plist"; sourceTree = "<group>"; };
		B70617F41BCD306700AB7FD3 /* en */ = {isa = PBXFileReference; lastKnownFileType = text.plist.strings; name = en; path = en.lproj/InfoPlist.strings; sourceTree = "<group>"; };
		B70617F61BCD306700AB7FD3 /* main.m */ = {isa = PBXFileReference; lastKnownFileType = sourcecode.c.objc; path = main.m; sourceTree = "<group>"; };
		B70617F81BCD306700AB7FD3 /* zText-Prefix.pch */ = {isa = PBXFileReference; lastKnownFileType = sourcecode.c.h; path = "zText-Prefix.pch"; sourceTree = "<group>"; };
		B70617F91BCD306700AB7FD3 /* AppDelegate.h */ = {isa = PBXFileReference; lastKnownFileType = sourcecode.c.h; path = AppDelegate.h; sourceTree = "<group>"; };
		B70617FA1BCD306700AB7FD3 /* AppDelegate.m */ = {isa = PBXFileReference; lastKnownFileType = sourcecode.c.objc; path = AppDelegate.m; sourceTree = "<group>"; };
		B70617FC1BCD306700AB7FD3 /* Images.xcassets */ = {isa = PBXFileReference; lastKnownFileType = folder.assetcatalog; path = Images.xcassets; sourceTree = "<group>"; };
		B70618021BCD306700AB7FD3 /* zTextTests.xctest */ = {isa = PBXFileReference; explicitFileType = wrapper.cfbundle; includeInIndex = 0; path = zTextTests.xctest; sourceTree = BUILT_PRODUCTS_DIR; };
		B70618031BCD306700AB7FD3 /* XCTest.framework */ = {isa = PBXFileReference; lastKnownFileType = wrapper.framework; name = XCTest.framework; path = Library/Frameworks/XCTest.framework; sourceTree = DEVELOPER_DIR; };
		B706180B1BCD306700AB7FD3 /* zTextTests-Info.plist */ = {isa = PBXFileReference; lastKnownFileType = text.plist.xml; path = "zTextTests-Info.plist"; sourceTree = "<group>"; };
		B706180D1BCD306700AB7FD3 /* en */ = {isa = PBXFileReference; lastKnownFileType = text.plist.strings; name = en; path = en.lproj/InfoPlist.strings; sourceTree = "<group>"; };
		B706180F1BCD306700AB7FD3 /* zTextTests.m */ = {isa = PBXFileReference; lastKnownFileType = sourcecode.c.objc; path = zTextTests.m; sourceTree = "<group>"; };
		B712131E1BCD49D500F141FE /* PulleyViewController.h */ = {isa = PBXFileReference; fileEncoding = 4; lastKnownFileType = sourcecode.c.h; path = PulleyViewController.h; sourceTree = "<group>"; };
		B712131F1BCD49D500F141FE /* PulleyViewController.m */ = {isa = PBXFileReference; fileEncoding = 4; lastKnownFileType = sourcecode.c.objc; path = PulleyViewController.m; sourceTree = "<group>"; };
		B71F07091BD3464800E31182 /* MKAnnotationView+WebCache.h */ = {isa = PBXFileReference; fileEncoding = 4; lastKnownFileType = sourcecode.c.h; path = "MKAnnotationView+WebCache.h"; sourceTree = "<group>"; };
		B71F070A1BD3464800E31182 /* MKAnnotationView+WebCache.m */ = {isa = PBXFileReference; fileEncoding = 4; lastKnownFileType = sourcecode.c.objc; path = "MKAnnotationView+WebCache.m"; sourceTree = "<group>"; };
		B71F070B1BD3464800E31182 /* NSData+ImageContentType.h */ = {isa = PBXFileReference; fileEncoding = 4; lastKnownFileType = sourcecode.c.h; path = "NSData+ImageContentType.h"; sourceTree = "<group>"; };
		B71F070C1BD3464800E31182 /* NSData+ImageContentType.m */ = {isa = PBXFileReference; fileEncoding = 4; lastKnownFileType = sourcecode.c.objc; path = "NSData+ImageContentType.m"; sourceTree = "<group>"; };
		B71F070D1BD3464800E31182 /* SDImageCache.h */ = {isa = PBXFileReference; fileEncoding = 4; lastKnownFileType = sourcecode.c.h; path = SDImageCache.h; sourceTree = "<group>"; };
		B71F070E1BD3464800E31182 /* SDImageCache.m */ = {isa = PBXFileReference; fileEncoding = 4; lastKnownFileType = sourcecode.c.objc; path = SDImageCache.m; sourceTree = "<group>"; };
		B71F070F1BD3464800E31182 /* SDWebImageCompat.h */ = {isa = PBXFileReference; fileEncoding = 4; lastKnownFileType = sourcecode.c.h; path = SDWebImageCompat.h; sourceTree = "<group>"; };
		B71F07101BD3464800E31182 /* SDWebImageCompat.m */ = {isa = PBXFileReference; fileEncoding = 4; lastKnownFileType = sourcecode.c.objc; path = SDWebImageCompat.m; sourceTree = "<group>"; };
		B71F07111BD3464800E31182 /* SDWebImageDecoder.h */ = {isa = PBXFileReference; fileEncoding = 4; lastKnownFileType = sourcecode.c.h; path = SDWebImageDecoder.h; sourceTree = "<group>"; };
		B71F07121BD3464800E31182 /* SDWebImageDecoder.m */ = {isa = PBXFileReference; fileEncoding = 4; lastKnownFileType = sourcecode.c.objc; path = SDWebImageDecoder.m; sourceTree = "<group>"; };
		B71F07131BD3464800E31182 /* SDWebImageDownloader.h */ = {isa = PBXFileReference; fileEncoding = 4; lastKnownFileType = sourcecode.c.h; path = SDWebImageDownloader.h; sourceTree = "<group>"; };
		B71F07141BD3464800E31182 /* SDWebImageDownloader.m */ = {isa = PBXFileReference; fileEncoding = 4; lastKnownFileType = sourcecode.c.objc; path = SDWebImageDownloader.m; sourceTree = "<group>"; };
		B71F07151BD3464800E31182 /* SDWebImageDownloaderOperation.h */ = {isa = PBXFileReference; fileEncoding = 4; lastKnownFileType = sourcecode.c.h; path = SDWebImageDownloaderOperation.h; sourceTree = "<group>"; };
		B71F07161BD3464800E31182 /* SDWebImageDownloaderOperation.m */ = {isa = PBXFileReference; fileEncoding = 4; lastKnownFileType = sourcecode.c.objc; path = SDWebImageDownloaderOperation.m; sourceTree = "<group>"; };
		B71F07171BD3464800E31182 /* SDWebImageManager.h */ = {isa = PBXFileReference; fileEncoding = 4; lastKnownFileType = sourcecode.c.h; path = SDWebImageManager.h; sourceTree = "<group>"; };
		B71F07181BD3464800E31182 /* SDWebImageManager.m */ = {isa = PBXFileReference; fileEncoding = 4; lastKnownFileType = sourcecode.c.objc; path = SDWebImageManager.m; sourceTree = "<group>"; };
		B71F07191BD3464800E31182 /* SDWebImageOperation.h */ = {isa = PBXFileReference; fileEncoding = 4; lastKnownFileType = sourcecode.c.h; path = SDWebImageOperation.h; sourceTree = "<group>"; };
		B71F071A1BD3464800E31182 /* SDWebImagePrefetcher.h */ = {isa = PBXFileReference; fileEncoding = 4; lastKnownFileType = sourcecode.c.h; path = SDWebImagePrefetcher.h; sourceTree = "<group>"; };
		B71F071B1BD3464800E31182 /* SDWebImagePrefetcher.m */ = {isa = PBXFileReference; fileEncoding = 4; lastKnownFileType = sourcecode.c.objc; path = SDWebImagePrefetcher.m; sourceTree = "<group>"; };
		B71F071C1BD3464800E31182 /* UIButton+WebCache.h */ = {isa = PBXFileReference; fileEncoding = 4; lastKnownFileType = sourcecode.c.h; path = "UIButton+WebCache.h"; sourceTree = "<group>"; };
		B71F071D1BD3464800E31182 /* UIButton+WebCache.m */ = {isa = PBXFileReference; fileEncoding = 4; lastKnownFileType = sourcecode.c.objc; path = "UIButton+WebCache.m"; sourceTree = "<group>"; };
		B71F071E1BD3464800E31182 /* UIImage+GIF.h */ = {isa = PBXFileReference; fileEncoding = 4; lastKnownFileType = sourcecode.c.h; path = "UIImage+GIF.h"; sourceTree = "<group>"; };
		B71F071F1BD3464800E31182 /* UIImage+GIF.m */ = {isa = PBXFileReference; fileEncoding = 4; lastKnownFileType = sourcecode.c.objc; path = "UIImage+GIF.m"; sourceTree = "<group>"; };
		B71F07201BD3464800E31182 /* UIImage+MultiFormat.h */ = {isa = PBXFileReference; fileEncoding = 4; lastKnownFileType = sourcecode.c.h; path = "UIImage+MultiFormat.h"; sourceTree = "<group>"; };
		B71F07211BD3464800E31182 /* UIImage+MultiFormat.m */ = {isa = PBXFileReference; fileEncoding = 4; lastKnownFileType = sourcecode.c.objc; path = "UIImage+MultiFormat.m"; sourceTree = "<group>"; };
		B71F07221BD3464800E31182 /* UIImage+WebP.h */ = {isa = PBXFileReference; fileEncoding = 4; lastKnownFileType = sourcecode.c.h; path = "UIImage+WebP.h"; sourceTree = "<group>"; };
		B71F07231BD3464800E31182 /* UIImage+WebP.m */ = {isa = PBXFileReference; fileEncoding = 4; lastKnownFileType = sourcecode.c.objc; path = "UIImage+WebP.m"; sourceTree = "<group>"; };
		B71F07241BD3464800E31182 /* UIImageView+HighlightedWebCache.h */ = {isa = PBXFileReference; fileEncoding = 4; lastKnownFileType = sourcecode.c.h; path = "UIImageView+HighlightedWebCache.h"; sourceTree = "<group>"; };
		B71F07251BD3464800E31182 /* UIImageView+HighlightedWebCache.m */ = {isa = PBXFileReference; fileEncoding = 4; lastKnownFileType = sourcecode.c.objc; path = "UIImageView+HighlightedWebCache.m"; sourceTree = "<group>"; };
		B71F07261BD3464800E31182 /* UIImageView+WebCache.h */ = {isa = PBXFileReference; fileEncoding = 4; lastKnownFileType = sourcecode.c.h; path = "UIImageView+WebCache.h"; sourceTree = "<group>"; };
		B71F07271BD3464800E31182 /* UIImageView+WebCache.m */ = {isa = PBXFileReference; fileEncoding = 4; lastKnownFileType = sourcecode.c.objc; path = "UIImageView+WebCache.m"; sourceTree = "<group>"; };
		B71F07281BD3464800E31182 /* UIView+WebCacheOperation.h */ = {isa = PBXFileReference; fileEncoding = 4; lastKnownFileType = sourcecode.c.h; path = "UIView+WebCacheOperation.h"; sourceTree = "<group>"; };
		B71F07291BD3464800E31182 /* UIView+WebCacheOperation.m */ = {isa = PBXFileReference; fileEncoding = 4; lastKnownFileType = sourcecode.c.objc; path = "UIView+WebCacheOperation.m"; sourceTree = "<group>"; };
		B75D1A7E1BD3A98100CEFC78 /* TinyWebView.h */ = {isa = PBXFileReference; fileEncoding = 4; lastKnownFileType = sourcecode.c.h; path = TinyWebView.h; sourceTree = "<group>"; };
		B75D1A7F1BD3A98100CEFC78 /* TinyWebView.m */ = {isa = PBXFileReference; fileEncoding = 4; lastKnownFileType = sourcecode.c.objc; path = TinyWebView.m; sourceTree = "<group>"; };
		B77A5E0C1BD2A50F006C526C /* [p7].png */ = {isa = PBXFileReference; lastKnownFileType = image.png; path = "[p7].png"; sourceTree = "<group>"; };
		B77A5E0D1BD2A50F006C526C /* [p8].png */ = {isa = PBXFileReference; lastKnownFileType = image.png; path = "[p8].png"; sourceTree = "<group>"; };
		B77D86661BCE2B7800C2E716 /* RegexKitLite.h */ = {isa = PBXFileReference; fileEncoding = 4; lastKnownFileType = sourcecode.c.h; path = RegexKitLite.h; sourceTree = "<group>"; };
		B77D86671BCE2B7800C2E716 /* RegexKitLite.m */ = {isa = PBXFileReference; fileEncoding = 4; lastKnownFileType = sourcecode.c.objc; path = RegexKitLite.m; sourceTree = "<group>"; };
		B7BE8B541BD23E4800216019 /* CoreTextViewController.h */ = {isa = PBXFileReference; fileEncoding = 4; lastKnownFileType = sourcecode.c.h; path = CoreTextViewController.h; sourceTree = "<group>"; };
		B7BE8B551BD23E4800216019 /* CoreTextViewController.m */ = {isa = PBXFileReference; fileEncoding = 4; lastKnownFileType = sourcecode.c.objc; path = CoreTextViewController.m; sourceTree = "<group>"; };
		B7BE8B561BD23E4800216019 /* ListViewController.h */ = {isa = PBXFileReference; fileEncoding = 4; lastKnownFileType = sourcecode.c.h; path = ListViewController.h; sourceTree = "<group>"; };
		B7BE8B571BD23E4800216019 /* ListViewController.m */ = {isa = PBXFileReference; fileEncoding = 4; lastKnownFileType = sourcecode.c.objc; path = ListViewController.m; sourceTree = "<group>"; };
		B7BE8B581BD23E4800216019 /* LabelViewController.h */ = {isa = PBXFileReference; fileEncoding = 4; lastKnownFileType = sourcecode.c.h; path = LabelViewController.h; sourceTree = "<group>"; };
		B7BE8B591BD23E4800216019 /* LabelViewController.m */ = {isa = PBXFileReference; fileEncoding = 4; lastKnownFileType = sourcecode.c.objc; path = LabelViewController.m; sourceTree = "<group>"; };
		B7BE8B5A1BD23E4800216019 /* TinyFieldViewController.h */ = {isa = PBXFileReference; fileEncoding = 4; lastKnownFileType = sourcecode.c.h; path = TinyFieldViewController.h; sourceTree = "<group>"; };
		B7BE8B5B1BD23E4800216019 /* TinyFieldViewController.m */ = {isa = PBXFileReference; fileEncoding = 4; lastKnownFileType = sourcecode.c.objc; path = TinyFieldViewController.m; sourceTree = "<group>"; };
		B7BE8B5C1BD23E4800216019 /* TinyWebViewController.h */ = {isa = PBXFileReference; fileEncoding = 4; lastKnownFileType = sourcecode.c.h; path = TinyWebViewController.h; sourceTree = "<group>"; };
		B7BE8B5D1BD23E4800216019 /* TinyWebViewController.m */ = {isa = PBXFileReference; fileEncoding = 4; lastKnownFileType = sourcecode.c.objc; path = TinyWebViewController.m; sourceTree = "<group>"; };
		B7BE8B5F1BD23E4800216019 /* TextParser.h */ = {isa = PBXFileReference; fileEncoding = 4; lastKnownFileType = sourcecode.c.h; path = TextParser.h; sourceTree = "<group>"; };
		B7BE8B601BD23E4800216019 /* TextParser.m */ = {isa = PBXFileReference; fileEncoding = 4; lastKnownFileType = sourcecode.c.objc; path = TextParser.m; sourceTree = "<group>"; };
		B7BE8B611BD23E4800216019 /* TextAttributes.h */ = {isa = PBXFileReference; fileEncoding = 4; lastKnownFileType = sourcecode.c.h; path = TextAttributes.h; sourceTree = "<group>"; };
		B7BE8B621BD23E4800216019 /* TextAttributes.m */ = {isa = PBXFileReference; fileEncoding = 4; lastKnownFileType = sourcecode.c.objc; path = TextAttributes.m; sourceTree = "<group>"; };
		B7BE8B631BD23E4800216019 /* TextContainer.h */ = {isa = PBXFileReference; fileEncoding = 4; lastKnownFileType = sourcecode.c.h; path = TextContainer.h; sourceTree = "<group>"; };
		B7BE8B641BD23E4800216019 /* TextContainer.m */ = {isa = PBXFileReference; fileEncoding = 4; lastKnownFileType = sourcecode.c.objc; path = TextContainer.m; sourceTree = "<group>"; };
		B7BE8B671BD23E4800216019 /* html.plist */ = {isa = PBXFileReference; fileEncoding = 4; lastKnownFileType = text.plist.xml; path = html.plist; sourceTree = "<group>"; };
		B7BE8B691BD23E4800216019 /* BaseCoretextView.h */ = {isa = PBXFileReference; fileEncoding = 4; lastKnownFileType = sourcecode.c.h; path = BaseCoretextView.h; sourceTree = "<group>"; };
		B7BE8B6A1BD23E4800216019 /* BaseCoretextView.m */ = {isa = PBXFileReference; fileEncoding = 4; lastKnownFileType = sourcecode.c.objc; path = BaseCoretextView.m; sourceTree = "<group>"; };
		B7BE8B761BD23EFA00216019 /* TextModel.h */ = {isa = PBXFileReference; fileEncoding = 4; lastKnownFileType = sourcecode.c.h; path = TextModel.h; sourceTree = "<group>"; };
		B7BE8B771BD23EFA00216019 /* TextModel.m */ = {isa = PBXFileReference; fileEncoding = 4; lastKnownFileType = sourcecode.c.objc; path = TextModel.m; sourceTree = "<group>"; };
		B7BE8B791BD24B0200216019 /* EmojiCache.h */ = {isa = PBXFileReference; fileEncoding = 4; lastKnownFileType = sourcecode.c.h; path = EmojiCache.h; sourceTree = "<group>"; };
		B7BE8B7A1BD24B0200216019 /* EmojiCache.m */ = {isa = PBXFileReference; fileEncoding = 4; lastKnownFileType = sourcecode.c.objc; path = EmojiCache.m; sourceTree = "<group>"; };
/* End PBXFileReference section */

/* Begin PBXFrameworksBuildPhase section */
		B70617E41BCD306700AB7FD3 /* Frameworks */ = {
			isa = PBXFrameworksBuildPhase;
			buildActionMask = 2147483647;
			files = (
				B70617ED1BCD306700AB7FD3 /* CoreGraphics.framework in Frameworks */,
				B70617EF1BCD306700AB7FD3 /* UIKit.framework in Frameworks */,
				B70617EB1BCD306700AB7FD3 /* Foundation.framework in Frameworks */,
			);
			runOnlyForDeploymentPostprocessing = 0;
		};
		B70617FF1BCD306700AB7FD3 /* Frameworks */ = {
			isa = PBXFrameworksBuildPhase;
			buildActionMask = 2147483647;
			files = (
				B70618041BCD306700AB7FD3 /* XCTest.framework in Frameworks */,
				B70618061BCD306700AB7FD3 /* UIKit.framework in Frameworks */,
				B70618051BCD306700AB7FD3 /* Foundation.framework in Frameworks */,
			);
			runOnlyForDeploymentPostprocessing = 0;
		};
/* End PBXFrameworksBuildPhase section */

/* Begin PBXGroup section */
		B70617DE1BCD306700AB7FD3 = {
			isa = PBXGroup;
			children = (
				B712131B1BCD49C600F141FE /* sources */,
				B712131A1BCD49C600F141FE /* libs */,
				B70617F01BCD306700AB7FD3 /* zText */,
				B70618091BCD306700AB7FD3 /* zTextTests */,
				B70617E91BCD306700AB7FD3 /* Frameworks */,
				B70617E81BCD306700AB7FD3 /* Products */,
			);
			sourceTree = "<group>";
		};
		B70617E81BCD306700AB7FD3 /* Products */ = {
			isa = PBXGroup;
			children = (
				B70617E71BCD306700AB7FD3 /* zText.app */,
				B70618021BCD306700AB7FD3 /* zTextTests.xctest */,
			);
			name = Products;
			sourceTree = "<group>";
		};
		B70617E91BCD306700AB7FD3 /* Frameworks */ = {
			isa = PBXGroup;
			children = (
				B70617EA1BCD306700AB7FD3 /* Foundation.framework */,
				B70617EC1BCD306700AB7FD3 /* CoreGraphics.framework */,
				B70617EE1BCD306700AB7FD3 /* UIKit.framework */,
				B70618031BCD306700AB7FD3 /* XCTest.framework */,
			);
			name = Frameworks;
			sourceTree = "<group>";
		};
		B70617F01BCD306700AB7FD3 /* zText */ = {
			isa = PBXGroup;
			children = (
				B70617F91BCD306700AB7FD3 /* AppDelegate.h */,
				B70617FA1BCD306700AB7FD3 /* AppDelegate.m */,
				B712131C1BCD49D500F141FE /* baseUI */,
				B7BE8B521BD23E4800216019 /* news */,
				B70617FC1BCD306700AB7FD3 /* Images.xcassets */,
				B70617F11BCD306700AB7FD3 /* Supporting Files */,
			);
			path = zText;
			sourceTree = "<group>";
		};
		B70617F11BCD306700AB7FD3 /* Supporting Files */ = {
			isa = PBXGroup;
			children = (
				B70617F21BCD306700AB7FD3 /* zText-Info.plist */,
				B70617F31BCD306700AB7FD3 /* InfoPlist.strings */,
				B70617F61BCD306700AB7FD3 /* main.m */,
				B70617F81BCD306700AB7FD3 /* zText-Prefix.pch */,
			);
			name = "Supporting Files";
			sourceTree = "<group>";
		};
		B70618091BCD306700AB7FD3 /* zTextTests */ = {
			isa = PBXGroup;
			children = (
				B706180F1BCD306700AB7FD3 /* zTextTests.m */,
				B706180A1BCD306700AB7FD3 /* Supporting Files */,
			);
			path = zTextTests;
			sourceTree = "<group>";
		};
		B706180A1BCD306700AB7FD3 /* Supporting Files */ = {
			isa = PBXGroup;
			children = (
				B706180B1BCD306700AB7FD3 /* zTextTests-Info.plist */,
				B706180C1BCD306700AB7FD3 /* InfoPlist.strings */,
			);
			name = "Supporting Files";
			sourceTree = "<group>";
		};
		B712131A1BCD49C600F141FE /* libs */ = {
			isa = PBXGroup;
			children = (
				B77D86651BCE2B7800C2E716 /* regexKit */,
				B71F07081BD3464800E31182 /* SDWebImage */,
			);
			path = libs;
			sourceTree = "<group>";
		};
		B712131B1BCD49C600F141FE /* sources */ = {
			isa = PBXGroup;
			children = (
				B77A5E0C1BD2A50F006C526C /* [p7].png */,
				B77A5E0D1BD2A50F006C526C /* [p8].png */,
			);
			path = sources;
			sourceTree = "<group>";
		};
		B712131C1BCD49D500F141FE /* baseUI */ = {
			isa = PBXGroup;
			children = (
				B712131D1BCD49D500F141FE /* controllers */,
			);
			path = baseUI;
			sourceTree = "<group>";
		};
		B712131D1BCD49D500F141FE /* controllers */ = {
			isa = PBXGroup;
			children = (
				B712131E1BCD49D500F141FE /* PulleyViewController.h */,
				B712131F1BCD49D500F141FE /* PulleyViewController.m */,
			);
			path = controllers;
			sourceTree = "<group>";
		};
		B71F07081BD3464800E31182 /* SDWebImage */ = {
			isa = PBXGroup;
			children = (
				B71F07091BD3464800E31182 /* MKAnnotationView+WebCache.h */,
				B71F070A1BD3464800E31182 /* MKAnnotationView+WebCache.m */,
				B71F070B1BD3464800E31182 /* NSData+ImageContentType.h */,
				B71F070C1BD3464800E31182 /* NSData+ImageContentType.m */,
				B71F070D1BD3464800E31182 /* SDImageCache.h */,
				B71F070E1BD3464800E31182 /* SDImageCache.m */,
				B71F070F1BD3464800E31182 /* SDWebImageCompat.h */,
				B71F07101BD3464800E31182 /* SDWebImageCompat.m */,
				B71F07111BD3464800E31182 /* SDWebImageDecoder.h */,
				B71F07121BD3464800E31182 /* SDWebImageDecoder.m */,
				B71F07131BD3464800E31182 /* SDWebImageDownloader.h */,
				B71F07141BD3464800E31182 /* SDWebImageDownloader.m */,
				B71F07151BD3464800E31182 /* SDWebImageDownloaderOperation.h */,
				B71F07161BD3464800E31182 /* SDWebImageDownloaderOperation.m */,
				B71F07171BD3464800E31182 /* SDWebImageManager.h */,
				B71F07181BD3464800E31182 /* SDWebImageManager.m */,
				B71F07191BD3464800E31182 /* SDWebImageOperation.h */,
				B71F071A1BD3464800E31182 /* SDWebImagePrefetcher.h */,
				B71F071B1BD3464800E31182 /* SDWebImagePrefetcher.m */,
				B71F071C1BD3464800E31182 /* UIButton+WebCache.h */,
				B71F071D1BD3464800E31182 /* UIButton+WebCache.m */,
				B71F071E1BD3464800E31182 /* UIImage+GIF.h */,
				B71F071F1BD3464800E31182 /* UIImage+GIF.m */,
				B71F07201BD3464800E31182 /* UIImage+MultiFormat.h */,
				B71F07211BD3464800E31182 /* UIImage+MultiFormat.m */,
				B71F07221BD3464800E31182 /* UIImage+WebP.h */,
				B71F07231BD3464800E31182 /* UIImage+WebP.m */,
				B71F07241BD3464800E31182 /* UIImageView+HighlightedWebCache.h */,
				B71F07251BD3464800E31182 /* UIImageView+HighlightedWebCache.m */,
				B71F07261BD3464800E31182 /* UIImageView+WebCache.h */,
				B71F07271BD3464800E31182 /* UIImageView+WebCache.m */,
				B71F07281BD3464800E31182 /* UIView+WebCacheOperation.h */,
				B71F07291BD3464800E31182 /* UIView+WebCacheOperation.m */,
			);
			path = SDWebImage;
			sourceTree = "<group>";
		};
		B77D86651BCE2B7800C2E716 /* regexKit */ = {
			isa = PBXGroup;
			children = (
				B77D86661BCE2B7800C2E716 /* RegexKitLite.h */,
				B77D86671BCE2B7800C2E716 /* RegexKitLite.m */,
			);
			path = regexKit;
			sourceTree = "<group>";
		};
		B7BE8B521BD23E4800216019 /* news */ = {
			isa = PBXGroup;
			children = (
				B7BE8B671BD23E4800216019 /* html.plist */,
				B7BE8B5E1BD23E4800216019 /* coretext */,
				B7BE8B531BD23E4800216019 /* controllers */,
				B7BE8B681BD23E4800216019 /* views */,
			);
			path = news;
			sourceTree = "<group>";
		};
		B7BE8B531BD23E4800216019 /* controllers */ = {
			isa = PBXGroup;
			children = (
				B7BE8B541BD23E4800216019 /* CoreTextViewController.h */,
				B7BE8B551BD23E4800216019 /* CoreTextViewController.m */,
				B7BE8B581BD23E4800216019 /* LabelViewController.h */,
				B7BE8B591BD23E4800216019 /* LabelViewController.m */,
				B7BE8B561BD23E4800216019 /* ListViewController.h */,
				B7BE8B571BD23E4800216019 /* ListViewController.m */,
				B7BE8B5C1BD23E4800216019 /* TinyWebViewController.h */,
				B7BE8B5D1BD23E4800216019 /* TinyWebViewController.m */,
				B7BE8B5A1BD23E4800216019 /* TinyFieldViewController.h */,
				B7BE8B5B1BD23E4800216019 /* TinyFieldViewController.m */,
			);
			path = controllers;
			sourceTree = "<group>";
		};
		B7BE8B5E1BD23E4800216019 /* coretext */ = {
			isa = PBXGroup;
			children = (
				B7BE8B791BD24B0200216019 /* EmojiCache.h */,
				B7BE8B7A1BD24B0200216019 /* EmojiCache.m */,
				B7BE8B761BD23EFA00216019 /* TextModel.h */,
				B7BE8B771BD23EFA00216019 /* TextModel.m */,
				B7BE8B611BD23E4800216019 /* TextAttributes.h */,
				B7BE8B621BD23E4800216019 /* TextAttributes.m */,
				B7BE8B631BD23E4800216019 /* TextContainer.h */,
				B7BE8B641BD23E4800216019 /* TextContainer.m */,
				B7BE8B5F1BD23E4800216019 /* TextParser.h */,
				B7BE8B601BD23E4800216019 /* TextParser.m */,
			);
			path = coretext;
			sourceTree = "<group>";
		};
		B7BE8B681BD23E4800216019 /* views */ = {
			isa = PBXGroup;
			children = (
				B7BE8B691BD23E4800216019 /* BaseCoretextView.h */,
				B7BE8B6A1BD23E4800216019 /* BaseCoretextView.m */,
				B75D1A7E1BD3A98100CEFC78 /* TinyWebView.h */,
				B75D1A7F1BD3A98100CEFC78 /* TinyWebView.m */,
			);
			path = views;
			sourceTree = "<group>";
		};
/* End PBXGroup section */

/* Begin PBXNativeTarget section */
		B70617E61BCD306700AB7FD3 /* zText */ = {
			isa = PBXNativeTarget;
			buildConfigurationList = B70618131BCD306700AB7FD3 /* Build configuration list for PBXNativeTarget "zText" */;
			buildPhases = (
				B70617E31BCD306700AB7FD3 /* Sources */,
				B70617E41BCD306700AB7FD3 /* Frameworks */,
				B70617E51BCD306700AB7FD3 /* Resources */,
			);
			buildRules = (
			);
			dependencies = (
			);
			name = zText;
			productName = zText;
			productReference = B70617E71BCD306700AB7FD3 /* zText.app */;
			productType = "com.apple.product-type.application";
		};
		B70618011BCD306700AB7FD3 /* zTextTests */ = {
			isa = PBXNativeTarget;
			buildConfigurationList = B70618161BCD306700AB7FD3 /* Build configuration list for PBXNativeTarget "zTextTests" */;
			buildPhases = (
				B70617FE1BCD306700AB7FD3 /* Sources */,
				B70617FF1BCD306700AB7FD3 /* Frameworks */,
				B70618001BCD306700AB7FD3 /* Resources */,
			);
			buildRules = (
			);
			dependencies = (
				B70618081BCD306700AB7FD3 /* PBXTargetDependency */,
			);
			name = zTextTests;
			productName = zTextTests;
			productReference = B70618021BCD306700AB7FD3 /* zTextTests.xctest */;
			productType = "com.apple.product-type.bundle.unit-test";
		};
/* End PBXNativeTarget section */

/* Begin PBXProject section */
		B70617DF1BCD306700AB7FD3 /* Project object */ = {
			isa = PBXProject;
			attributes = {
				LastUpgradeCheck = 0500;
				ORGANIZATIONNAME = zykhbl;
				TargetAttributes = {
					B70618011BCD306700AB7FD3 = {
						TestTargetID = B70617E61BCD306700AB7FD3;
					};
				};
			};
			buildConfigurationList = B70617E21BCD306700AB7FD3 /* Build configuration list for PBXProject "zText" */;
			compatibilityVersion = "Xcode 3.2";
			developmentRegion = English;
			hasScannedForEncodings = 0;
			knownRegions = (
				en,
			);
			mainGroup = B70617DE1BCD306700AB7FD3;
			productRefGroup = B70617E81BCD306700AB7FD3 /* Products */;
			projectDirPath = "";
			projectRoot = "";
			targets = (
				B70617E61BCD306700AB7FD3 /* zText */,
				B70618011BCD306700AB7FD3 /* zTextTests */,
			);
		};
/* End PBXProject section */

/* Begin PBXResourcesBuildPhase section */
		B70617E51BCD306700AB7FD3 /* Resources */ = {
			isa = PBXResourcesBuildPhase;
			buildActionMask = 2147483647;
			files = (
				B70617F51BCD306700AB7FD3 /* InfoPlist.strings in Resources */,
				B7BE8B741BD23E4800216019 /* html.plist in Resources */,
				B77A5E0F1BD2A50F006C526C /* [p8].png in Resources */,
				B77A5E0E1BD2A50F006C526C /* [p7].png in Resources */,
				B70617FD1BCD306700AB7FD3 /* Images.xcassets in Resources */,
			);
			runOnlyForDeploymentPostprocessing = 0;
		};
		B70618001BCD306700AB7FD3 /* Resources */ = {
			isa = PBXResourcesBuildPhase;
			buildActionMask = 2147483647;
			files = (
				B706180E1BCD306700AB7FD3 /* InfoPlist.strings in Resources */,
			);
			runOnlyForDeploymentPostprocessing = 0;
		};
/* End PBXResourcesBuildPhase section */

/* Begin PBXSourcesBuildPhase section */
		B70617E31BCD306700AB7FD3 /* Sources */ = {
			isa = PBXSourcesBuildPhase;
			buildActionMask = 2147483647;
			files = (
				B71F07341BD3464800E31182 /* UIImage+GIF.m in Sources */,
				B7BE8B6B1BD23E4800216019 /* CoreTextViewController.m in Sources */,
				B77D86681BCE2B7800C2E716 /* RegexKitLite.m in Sources */,
				B7BE8B6D1BD23E4800216019 /* LabelViewController.m in Sources */,
				B71F07361BD3464800E31182 /* UIImage+WebP.m in Sources */,
				B71F072B1BD3464800E31182 /* NSData+ImageContentType.m in Sources */,
				B7BE8B701BD23E4800216019 /* TextParser.m in Sources */,
				B7BE8B6E1BD23E4800216019 /* TinyFieldViewController.m in Sources */,
				B71F072E1BD3464800E31182 /* SDWebImageDecoder.m in Sources */,
				B7BE8B6C1BD23E4800216019 /* ListViewController.m in Sources */,
				B71F07331BD3464800E31182 /* UIButton+WebCache.m in Sources */,
				B71F07311BD3464800E31182 /* SDWebImageManager.m in Sources */,
				B7BE8B781BD23EFA00216019 /* TextModel.m in Sources */,
				B71F07381BD3464800E31182 /* UIImageView+WebCache.m in Sources */,
				B7BE8B751BD23E4800216019 /* BaseCoretextView.m in Sources */,
				B7BE8B711BD23E4800216019 /* TextAttributes.m in Sources */,
				B71213201BCD49D500F141FE /* PulleyViewController.m in Sources */,
				B7BE8B6F1BD23E4800216019 /* TinyWebViewController.m in Sources */,
				B71F07371BD3464800E31182 /* UIImageView+HighlightedWebCache.m in Sources */,
				B71F072F1BD3464800E31182 /* SDWebImageDownloader.m in Sources */,
				B71F07321BD3464800E31182 /* SDWebImagePrefetcher.m in Sources */,
				B70617FB1BCD306700AB7FD3 /* AppDelegate.m in Sources */,
				B71F072C1BD3464800E31182 /* SDImageCache.m in Sources */,
				B71F07301BD3464800E31182 /* SDWebImageDownloaderOperation.m in Sources */,
				B7BE8B721BD23E4800216019 /* TextContainer.m in Sources */,
				B71F072A1BD3464800E31182 /* MKAnnotationView+WebCache.m in Sources */,
				B71F07351BD3464800E31182 /* UIImage+MultiFormat.m in Sources */,
				B75D1A801BD3A98100CEFC78 /* TinyWebView.m in Sources */,
				B71F07391BD3464800E31182 /* UIView+WebCacheOperation.m in Sources */,
				B71F072D1BD3464800E31182 /* SDWebImageCompat.m in Sources */,
				B70617F71BCD306700AB7FD3 /* main.m in Sources */,
				B7BE8B7B1BD24B0200216019 /* EmojiCache.m in Sources */,
			);
			runOnlyForDeploymentPostprocessing = 0;
		};
		B70617FE1BCD306700AB7FD3 /* Sources */ = {
			isa = PBXSourcesBuildPhase;
			buildActionMask = 2147483647;
			files = (
				B70618101BCD306700AB7FD3 /* zTextTests.m in Sources */,
			);
			runOnlyForDeploymentPostprocessing = 0;
		};
/* End PBXSourcesBuildPhase section */

/* Begin PBXTargetDependency section */
		B70618081BCD306700AB7FD3 /* PBXTargetDependency */ = {
			isa = PBXTargetDependency;
			target = B70617E61BCD306700AB7FD3 /* zText */;
			targetProxy = B70618071BCD306700AB7FD3 /* PBXContainerItemProxy */;
		};
/* End PBXTargetDependency section */

/* Begin PBXVariantGroup section */
		B70617F31BCD306700AB7FD3 /* InfoPlist.strings */ = {
			isa = PBXVariantGroup;
			children = (
				B70617F41BCD306700AB7FD3 /* en */,
			);
			name = InfoPlist.strings;
			sourceTree = "<group>";
		};
		B706180C1BCD306700AB7FD3 /* InfoPlist.strings */ = {
			isa = PBXVariantGroup;
			children = (
				B706180D1BCD306700AB7FD3 /* en */,
			);
			name = InfoPlist.strings;
			sourceTree = "<group>";
		};
/* End PBXVariantGroup section */

/* Begin XCBuildConfiguration section */
		B70618111BCD306700AB7FD3 /* Debug */ = {
			isa = XCBuildConfiguration;
			buildSettings = {
				ALWAYS_SEARCH_USER_PATHS = NO;
				ARCHS = "$(ARCHS_STANDARD_INCLUDING_64_BIT)";
				CLANG_CXX_LANGUAGE_STANDARD = "gnu++0x";
				CLANG_CXX_LIBRARY = "libc++";
				CLANG_ENABLE_MODULES = YES;
				CLANG_ENABLE_OBJC_ARC = YES;
				CLANG_WARN_BOOL_CONVERSION = YES;
				CLANG_WARN_CONSTANT_CONVERSION = YES;
				CLANG_WARN_DIRECT_OBJC_ISA_USAGE = YES_ERROR;
				CLANG_WARN_EMPTY_BODY = YES;
				CLANG_WARN_ENUM_CONVERSION = YES;
				CLANG_WARN_INT_CONVERSION = YES;
				CLANG_WARN_OBJC_ROOT_CLASS = YES_ERROR;
				CLANG_WARN__DUPLICATE_METHOD_MATCH = YES;
				"CODE_SIGN_IDENTITY[sdk=iphoneos*]" = "iPhone Developer";
				COPY_PHASE_STRIP = NO;
				GCC_C_LANGUAGE_STANDARD = gnu99;
				GCC_DYNAMIC_NO_PIC = NO;
				GCC_OPTIMIZATION_LEVEL = 0;
				GCC_PREPROCESSOR_DEFINITIONS = (
					"DEBUG=1",
					"$(inherited)",
				);
				GCC_SYMBOLS_PRIVATE_EXTERN = NO;
				GCC_WARN_64_TO_32_BIT_CONVERSION = YES;
				GCC_WARN_ABOUT_RETURN_TYPE = YES_ERROR;
				GCC_WARN_UNDECLARED_SELECTOR = YES;
				GCC_WARN_UNINITIALIZED_AUTOS = YES;
				GCC_WARN_UNUSED_FUNCTION = YES;
				GCC_WARN_UNUSED_VARIABLE = YES;
				IPHONEOS_DEPLOYMENT_TARGET = 7.0;
				ONLY_ACTIVE_ARCH = YES;
				SDKROOT = iphoneos;
			};
			name = Debug;
		};
		B70618121BCD306700AB7FD3 /* Release */ = {
			isa = XCBuildConfiguration;
			buildSettings = {
				ALWAYS_SEARCH_USER_PATHS = NO;
				ARCHS = "$(ARCHS_STANDARD_INCLUDING_64_BIT)";
				CLANG_CXX_LANGUAGE_STANDARD = "gnu++0x";
				CLANG_CXX_LIBRARY = "libc++";
				CLANG_ENABLE_MODULES = YES;
				CLANG_ENABLE_OBJC_ARC = YES;
				CLANG_WARN_BOOL_CONVERSION = YES;
				CLANG_WARN_CONSTANT_CONVERSION = YES;
				CLANG_WARN_DIRECT_OBJC_ISA_USAGE = YES_ERROR;
				CLANG_WARN_EMPTY_BODY = YES;
				CLANG_WARN_ENUM_CONVERSION = YES;
				CLANG_WARN_INT_CONVERSION = YES;
				CLANG_WARN_OBJC_ROOT_CLASS = YES_ERROR;
				CLANG_WARN__DUPLICATE_METHOD_MATCH = YES;
				"CODE_SIGN_IDENTITY[sdk=iphoneos*]" = "iPhone Developer";
				COPY_PHASE_STRIP = YES;
				ENABLE_NS_ASSERTIONS = NO;
				GCC_C_LANGUAGE_STANDARD = gnu99;
				GCC_WARN_64_TO_32_BIT_CONVERSION = YES;
				GCC_WARN_ABOUT_RETURN_TYPE = YES_ERROR;
				GCC_WARN_UNDECLARED_SELECTOR = YES;
				GCC_WARN_UNINITIALIZED_AUTOS = YES;
				GCC_WARN_UNUSED_FUNCTION = YES;
				GCC_WARN_UNUSED_VARIABLE = YES;
				IPHONEOS_DEPLOYMENT_TARGET = 7.0;
				SDKROOT = iphoneos;
				VALIDATE_PRODUCT = YES;
			};
			name = Release;
		};
		B70618141BCD306700AB7FD3 /* Debug */ = {
			isa = XCBuildConfiguration;
			buildSettings = {
				ASSETCATALOG_COMPILER_APPICON_NAME = AppIcon;
				ASSETCATALOG_COMPILER_LAUNCHIMAGE_NAME = LaunchImage;
				GCC_PRECOMPILE_PREFIX_HEADER = YES;
				GCC_PREFIX_HEADER = "zText/zText-Prefix.pch";
				INFOPLIST_FILE = "zText/zText-Info.plist";
				OTHER_LDFLAGS = "-licucore";
				PRODUCT_NAME = "$(TARGET_NAME)";
				VALID_ARCHS = "arm64 armv7 armv7s";
				WRAPPER_EXTENSION = app;
			};
			name = Debug;
		};
		B70618151BCD306700AB7FD3 /* Release */ = {
			isa = XCBuildConfiguration;
			buildSettings = {
				ASSETCATALOG_COMPILER_APPICON_NAME = AppIcon;
				ASSETCATALOG_COMPILER_LAUNCHIMAGE_NAME = LaunchImage;
				GCC_PRECOMPILE_PREFIX_HEADER = YES;
				GCC_PREFIX_HEADER = "zText/zText-Prefix.pch";
				INFOPLIST_FILE = "zText/zText-Info.plist";
				OTHER_LDFLAGS = "-licucore";
				PRODUCT_NAME = "$(TARGET_NAME)";
				VALID_ARCHS = "arm64 armv7 armv7s";
				WRAPPER_EXTENSION = app;
			};
			name = Release;
		};
		B70618171BCD306700AB7FD3 /* Debug */ = {
			isa = XCBuildConfiguration;
			buildSettings = {
				ARCHS = "$(ARCHS_STANDARD_INCLUDING_64_BIT)";
				BUNDLE_LOADER = "$(BUILT_PRODUCTS_DIR)/zText.app/zText";
				FRAMEWORK_SEARCH_PATHS = (
					"$(SDKROOT)/Developer/Library/Frameworks",
					"$(inherited)",
					"$(DEVELOPER_FRAMEWORKS_DIR)",
				);
				GCC_PRECOMPILE_PREFIX_HEADER = YES;
				GCC_PREFIX_HEADER = "zText/zText-Prefix.pch";
				GCC_PREPROCESSOR_DEFINITIONS = (
					"DEBUG=1",
					"$(inherited)",
				);
				INFOPLIST_FILE = "zTextTests/zTextTests-Info.plist";
				PRODUCT_NAME = "$(TARGET_NAME)";
				TEST_HOST = "$(BUNDLE_LOADER)";
				WRAPPER_EXTENSION = xctest;
			};
			name = Debug;
		};
		B70618181BCD306700AB7FD3 /* Release */ = {
			isa = XCBuildConfiguration;
			buildSettings = {
				ARCHS = "$(ARCHS_STANDARD_INCLUDING_64_BIT)";
				BUNDLE_LOADER = "$(BUILT_PRODUCTS_DIR)/zText.app/zText";
				FRAMEWORK_SEARCH_PATHS = (
					"$(SDKROOT)/Developer/Library/Frameworks",
					"$(inherited)",
					"$(DEVELOPER_FRAMEWORKS_DIR)",
				);
				GCC_PRECOMPILE_PREFIX_HEADER = YES;
				GCC_PREFIX_HEADER = "zText/zText-Prefix.pch";
				INFOPLIST_FILE = "zTextTests/zTextTests-Info.plist";
				PRODUCT_NAME = "$(TARGET_NAME)";
				TEST_HOST = "$(BUNDLE_LOADER)";
				WRAPPER_EXTENSION = xctest;
			};
			name = Release;
		};
/* End XCBuildConfiguration section */

/* Begin XCConfigurationList section */
		B70617E21BCD306700AB7FD3 /* Build configuration list for PBXProject "zText" */ = {
			isa = XCConfigurationList;
			buildConfigurations = (
				B70618111BCD306700AB7FD3 /* Debug */,
				B70618121BCD306700AB7FD3 /* Release */,
			);
			defaultConfigurationIsVisible = 0;
			defaultConfigurationName = Release;
		};
		B70618131BCD306700AB7FD3 /* Build configuration list for PBXNativeTarget "zText" */ = {
			isa = XCConfigurationList;
			buildConfigurations = (
				B70618141BCD306700AB7FD3 /* Debug */,
				B70618151BCD306700AB7FD3 /* Release */,
			);
			defaultConfigurationIsVisible = 0;
			defaultConfigurationName = Release;
		};
		B70618161BCD306700AB7FD3 /* Build configuration list for PBXNativeTarget "zTextTests" */ = {
			isa = XCConfigurationList;
			buildConfigurations = (
				B70618171BCD306700AB7FD3 /* Debug */,
				B70618181BCD306700AB7FD3 /* Release */,
			);
			defaultConfigurationIsVisible = 0;
			defaultConfigurationName = Release;
		};
/* End XCConfigurationList section */
	};
	rootObject = B70617DF1BCD306700AB7FD3 /* Project object */;
}
